
Microsoft Visual Studio Solution File, Format Version 12.00
# Visual Studio Version 16
VisualStudioVersion = 16.0.31321.278
MinimumVisualStudioVersion = 10.0.40219.1
Project("{9A19103F-16F7-4668-BE54-9A1E7A4F7556}") = "Init", "Init\Init.csproj", "{64410F00-A5AD-4569-B7AE-BAFF436EECC4}"
EndProject
Project("{FAE04EC0-301F-11D3-BF4B-00C04F79EFBC}") = "App", "App\App.csproj", "{179D5367-7110-48E0-A302-61BFAF9D2196}"
EndProject
Project("{FAE04EC0-301F-11D3-BF4B-00C04F79EFBC}") = "Common", "Common\Common.csproj", "{81AD5301-874E-49FE-AD14-5F794167C475}"
EndProject
Global
	GlobalSection(SolutionConfigurationPlatforms) = preSolution
		Debug|Any CPU = Debug|Any CPU
		Release|Any CPU = Release|Any CPU
	EndGlobalSection
	GlobalSection(ProjectConfigurationPlatforms) = postSolution
		{64410F00-A5AD-4569-B7AE-BAFF436EECC4}.Debug|Any CPU.ActiveCfg = Debug|Any CPU
		{64410F00-A5AD-4569-B7AE-BAFF436EECC4}.Debug|Any CPU.Build.0 = Debug|Any CPU
		{64410F00-A5AD-4569-B7AE-BAFF436EECC4}.Release|Any CPU.ActiveCfg = Release|Any CPU
		{64410F00-A5AD-4569-B7AE-BAFF436EECC4}.Release|Any CPU.Build.0 = Release|Any CPU
		{179D5367-7110-48E0-A302-61BFAF9D2196}.Debug|Any CPU.ActiveCfg = Debug|Any CPU
		{179D5367-7110-48E0-A302-61BFAF9D2196}.Debug|Any CPU.Build.0 = Debug|Any CPU
		{179D5367-7110-48E0-A302-61BFAF9D2196}.Release|Any CPU.ActiveCfg = Release|Any CPU
		{179D5367-7110-48E0-A302-61BFAF9D2196}.Release|Any CPU.Build.0 = Release|Any CPU
		{81AD5301-874E-49FE-AD14-5F794167C475}.Debug|Any CPU.ActiveCfg = Debug|Any CPU
		{81AD5301-874E-49FE-AD14-5F794167C475}.Debug|Any CPU.Build.0 = Debug|Any CPU
		{81AD5301-874E-49FE-AD14-5F794167C475}.Release|Any CPU.ActiveCfg = Release|Any CPU
		{81AD5301-874E-49FE-AD14-5F794167C475}.Release|Any CPU.Build.0 = Release|Any CPU
	EndGlobalSection
	GlobalSection(SolutionProperties) = preSolution
		HideSolutionNode = FALSE
	EndGlobalSection
	GlobalSection(ExtensibilityGlobals) = postSolution
		SolutionGuid = {747E4C51-A76E-4846-B1E0-C8C810812B8B}
	EndGlobalSection
EndGlobal
