
Microsoft Visual Studio Solution File, Format Version 12.00
# Visual Studio Version 17
VisualStudioVersion = 17.0.31903.59
MinimumVisualStudioVersion = 10.0.40219.1
Project("{FAE04EC0-301F-11D3-BF4B-00C04F79EFBC}") = "CallerA", "CallerA\CallerA.csproj", "{C4E3D5C9-9DD0-4FCA-959E-B8E764AF5D3B}"
EndProject
Project("{FAE04EC0-301F-11D3-BF4B-00C04F79EFBC}") = "ProviderNormalB", "ProviderNormalB\ProviderNormalB.csproj", "{DA7C2C88-D8B0-4363-BB22-F0DB17C98AD6}"
EndProject
Project("{FAE04EC0-301F-11D3-BF4B-00C04F79EFBC}") = "ProviderFeatureB", "ProviderFeatureB\ProviderFeatureB.csproj", "{8E96D2CE-9415-4D72-AB28-B75D0A25B7EB}"
EndProject
Global
	GlobalSection(SolutionConfigurationPlatforms) = preSolution
		Debug|Any CPU = Debug|Any CPU
		Release|Any CPU = Release|Any CPU
	EndGlobalSection
	GlobalSection(ProjectConfigurationPlatforms) = postSolution
		{C4E3D5C9-9DD0-4FCA-959E-B8E764AF5D3B}.Debug|Any CPU.ActiveCfg = Debug|Any CPU
		{C4E3D5C9-9DD0-4FCA-959E-B8E764AF5D3B}.Debug|Any CPU.Build.0 = Debug|Any CPU
		{C4E3D5C9-9DD0-4FCA-959E-B8E764AF5D3B}.Release|Any CPU.ActiveCfg = Release|Any CPU
		{C4E3D5C9-9DD0-4FCA-959E-B8E764AF5D3B}.Release|Any CPU.Build.0 = Release|Any CPU
		{DA7C2C88-D8B0-4363-BB22-F0DB17C98AD6}.Debug|Any CPU.ActiveCfg = Debug|Any CPU
		{DA7C2C88-D8B0-4363-BB22-F0DB17C98AD6}.Debug|Any CPU.Build.0 = Debug|Any CPU
		{DA7C2C88-D8B0-4363-BB22-F0DB17C98AD6}.Release|Any CPU.ActiveCfg = Release|Any CPU
		{DA7C2C88-D8B0-4363-BB22-F0DB17C98AD6}.Release|Any CPU.Build.0 = Release|Any CPU
		{8E96D2CE-9415-4D72-AB28-B75D0A25B7EB}.Debug|Any CPU.ActiveCfg = Debug|Any CPU
		{8E96D2CE-9415-4D72-AB28-B75D0A25B7EB}.Debug|Any CPU.Build.0 = Debug|Any CPU
		{8E96D2CE-9415-4D72-AB28-B75D0A25B7EB}.Release|Any CPU.ActiveCfg = Release|Any CPU
		{8E96D2CE-9415-4D72-AB28-B75D0A25B7EB}.Release|Any CPU.Build.0 = Release|Any CPU
	EndGlobalSection
	GlobalSection(SolutionProperties) = preSolution
		HideSolutionNode = FALSE
	EndGlobalSection
	GlobalSection(ExtensibilityGlobals) = postSolution
		SolutionGuid = {EE53A17A-5906-4622-BD7F-A0BDF6F9A34C}
	EndGlobalSection
EndGlobal
