
Microsoft Visual Studio Solution File, Format Version 12.00
# Visual Studio Version 16
VisualStudioVersion = 16.0.31321.278
MinimumVisualStudioVersion = 10.0.40219.1
Project("{9A19103F-16F7-4668-BE54-9A1E7A4F7556}") = "WebApi", "WebApi\WebApi.csproj", "{C8913B1A-1014-4546-AEC6-8AA588C0AE28}"
EndProject
Project("{9A19103F-16F7-4668-BE54-9A1E7A4F7556}") = "XXXX.CusLib", "XXXX.CusLib\XXXX.CusLib.csproj", "{999AFC2B-E7DA-4A85-9299-1A2C0BBDDB05}"
EndProject
Global
	GlobalSection(SolutionConfigurationPlatforms) = preSolution
		Debug|Any CPU = Debug|Any CPU
		Release|Any CPU = Release|Any CPU
	EndGlobalSection
	GlobalSection(ProjectConfigurationPlatforms) = postSolution
		{C8913B1A-1014-4546-AEC6-8AA588C0AE28}.Debug|Any CPU.ActiveCfg = Debug|Any CPU
		{C8913B1A-1014-4546-AEC6-8AA588C0AE28}.Debug|Any CPU.Build.0 = Debug|Any CPU
		{C8913B1A-1014-4546-AEC6-8AA588C0AE28}.Release|Any CPU.ActiveCfg = Release|Any CPU
		{C8913B1A-1014-4546-AEC6-8AA588C0AE28}.Release|Any CPU.Build.0 = Release|Any CPU
		{999AFC2B-E7DA-4A85-9299-1A2C0BBDDB05}.Debug|Any CPU.ActiveCfg = Debug|Any CPU
		{999AFC2B-E7DA-4A85-9299-1A2C0BBDDB05}.Debug|Any CPU.Build.0 = Debug|Any CPU
		{999AFC2B-E7DA-4A85-9299-1A2C0BBDDB05}.Release|Any CPU.ActiveCfg = Release|Any CPU
		{999AFC2B-E7DA-4A85-9299-1A2C0BBDDB05}.Release|Any CPU.Build.0 = Release|Any CPU
	EndGlobalSection
	GlobalSection(SolutionProperties) = preSolution
		HideSolutionNode = FALSE
	EndGlobalSection
	GlobalSection(ExtensibilityGlobals) = postSolution
		SolutionGuid = {B3B4C219-A98A-4039-8180-9539ECCD49DE}
	EndGlobalSection
EndGlobal
